
Microsoft Visual Studio Solution File, Format Version 12.00
# Visual Studio Version 16
VisualStudioVersion = 16.0.30523.141
MinimumVisualStudioVersion = 10.0.40219.1
Project("{FAE04EC0-301F-11D3-BF4B-00C04F79EFBC}") = "ASC11", "ASC11.csproj", "{69B445B6-FACC-41A9-B79E-32A7AF3C7334}"
EndProject
Global
	GlobalSection(SolutionConfigurationPlatforms) = preSolution
		Debug|Any CPU = Debug|Any CPU
		Release|Any CPU = Release|Any CPU
	EndGlobalSection
	GlobalSection(ProjectConfigurationPlatforms) = postSolution
		{69B445B6-FACC-41A9-B79E-32A7AF3C7334}.Debug|Any CPU.ActiveCfg = Debug|Any CPU
		{69B445B6-FACC-41A9-B79E-32A7AF3C7334}.Debug|Any CPU.Build.0 = Debug|Any CPU
		{69B445B6-FACC-41A9-B79E-32A7AF3C7334}.Release|Any CPU.ActiveCfg = Release|Any CPU
		{69B445B6-FACC-41A9-B79E-32A7AF3C7334}.Release|Any CPU.Build.0 = Release|Any CPU
	EndGlobalSection
	GlobalSection(SolutionProperties) = preSolution
		HideSolutionNode = FALSE
	EndGlobalSection
	GlobalSection(ExtensibilityGlobals) = postSolution
		SolutionGuid = {4BF2A3C5-3DC1-4B42-B8BD-F3E9CC486A55}
	EndGlobalSection
EndGlobal
