
Microsoft Visual Studio Solution File, Format Version 12.00
# Visual Studio Version 16
VisualStudioVersion = 16.0.30523.141
MinimumVisualStudioVersion = 10.0.40219.1
Project("{FAE04EC0-301F-11D3-BF4B-00C04F79EFBC}") = "Alte modificari", "Alte modificari.csproj", "{7EFC568C-B23A-4ABF-8EDD-E250409FEB28}"
EndProject
Global
	GlobalSection(SolutionConfigurationPlatforms) = preSolution
		Debug|Any CPU = Debug|Any CPU
		Release|Any CPU = Release|Any CPU
	EndGlobalSection
	GlobalSection(ProjectConfigurationPlatforms) = postSolution
		{7EFC568C-B23A-4ABF-8EDD-E250409FEB28}.Debug|Any CPU.ActiveCfg = Debug|Any CPU
		{7EFC568C-B23A-4ABF-8EDD-E250409FEB28}.Debug|Any CPU.Build.0 = Debug|Any CPU
		{7EFC568C-B23A-4ABF-8EDD-E250409FEB28}.Release|Any CPU.ActiveCfg = Release|Any CPU
		{7EFC568C-B23A-4ABF-8EDD-E250409FEB28}.Release|Any CPU.Build.0 = Release|Any CPU
	EndGlobalSection
	GlobalSection(SolutionProperties) = preSolution
		HideSolutionNode = FALSE
	EndGlobalSection
	GlobalSection(ExtensibilityGlobals) = postSolution
		SolutionGuid = {66313A89-8679-4A96-A650-047416CDE988}
	EndGlobalSection
EndGlobal
